
Microsoft Visual Studio Solution File, Format Version 12.00
# Visual Studio Version 17
VisualStudioVersion = 17.5.2.0
MinimumVisualStudioVersion = 10.0.40219.1
Project("{FAE04EC0-301F-11D3-BF4B-00C04F79EFBC}") = "Angle.API", "Angle.API\Angle.API.csproj", "{67A7ACD7-9682-518B-5C96-2013BD8E49B8}"
EndProject
Project("{FAE04EC0-301F-11D3-BF4B-00C04F79EFBC}") = "Angle.API.Tests", "Angle.API.Tests\Angle.API.Tests.csproj", "{1F92DAD8-4A4C-48DC-8E48-75E44100BC9C}"
EndProject
Global
	GlobalSection(SolutionConfigurationPlatforms) = preSolution
		Debug|Any CPU = Debug|Any CPU
		Debug|x64 = Debug|x64
		Debug|x86 = Debug|x86
		Release|Any CPU = Release|Any CPU
		Release|x64 = Release|x64
		Release|x86 = Release|x86
	EndGlobalSection
	GlobalSection(ProjectConfigurationPlatforms) = postSolution
		{67A7ACD7-9682-518B-5C96-2013BD8E49B8}.Debug|Any CPU.ActiveCfg = Debug|Any CPU
		{67A7ACD7-9682-518B-5C96-2013BD8E49B8}.Debug|Any CPU.Build.0 = Debug|Any CPU
		{67A7ACD7-9682-518B-5C96-2013BD8E49B8}.Debug|x64.ActiveCfg = Debug|Any CPU
		{67A7ACD7-9682-518B-5C96-2013BD8E49B8}.Debug|x64.Build.0 = Debug|Any CPU
		{67A7ACD7-9682-518B-5C96-2013BD8E49B8}.Debug|x86.ActiveCfg = Debug|Any CPU
		{67A7ACD7-9682-518B-5C96-2013BD8E49B8}.Debug|x86.Build.0 = Debug|Any CPU
		{67A7ACD7-9682-518B-5C96-2013BD8E49B8}.Release|Any CPU.ActiveCfg = Release|Any CPU
		{67A7ACD7-9682-518B-5C96-2013BD8E49B8}.Release|Any CPU.Build.0 = Release|Any CPU
		{67A7ACD7-9682-518B-5C96-2013BD8E49B8}.Release|x64.ActiveCfg = Release|Any CPU
		{67A7ACD7-9682-518B-5C96-2013BD8E49B8}.Release|x64.Build.0 = Release|Any CPU
		{67A7ACD7-9682-518B-5C96-2013BD8E49B8}.Release|x86.ActiveCfg = Release|Any CPU
		{67A7ACD7-9682-518B-5C96-2013BD8E49B8}.Release|x86.Build.0 = Release|Any CPU
		{1F92DAD8-4A4C-48DC-8E48-75E44100BC9C}.Debug|Any CPU.ActiveCfg = Debug|Any CPU
		{1F92DAD8-4A4C-48DC-8E48-75E44100BC9C}.Debug|Any CPU.Build.0 = Debug|Any CPU
		{1F92DAD8-4A4C-48DC-8E48-75E44100BC9C}.Debug|x64.ActiveCfg = Debug|Any CPU
		{1F92DAD8-4A4C-48DC-8E48-75E44100BC9C}.Debug|x64.Build.0 = Debug|Any CPU
		{1F92DAD8-4A4C-48DC-8E48-75E44100BC9C}.Debug|x86.ActiveCfg = Debug|Any CPU
		{1F92DAD8-4A4C-48DC-8E48-75E44100BC9C}.Debug|x86.Build.0 = Debug|Any CPU
		{1F92DAD8-4A4C-48DC-8E48-75E44100BC9C}.Release|Any CPU.ActiveCfg = Release|Any CPU
		{1F92DAD8-4A4C-48DC-8E48-75E44100BC9C}.Release|Any CPU.Build.0 = Release|Any CPU
		{1F92DAD8-4A4C-48DC-8E48-75E44100BC9C}.Release|x64.ActiveCfg = Release|Any CPU
		{1F92DAD8-4A4C-48DC-8E48-75E44100BC9C}.Release|x64.Build.0 = Release|Any CPU
		{1F92DAD8-4A4C-48DC-8E48-75E44100BC9C}.Release|x86.ActiveCfg = Release|Any CPU
		{1F92DAD8-4A4C-48DC-8E48-75E44100BC9C}.Release|x86.Build.0 = Release|Any CPU
	EndGlobalSection
	GlobalSection(SolutionProperties) = preSolution
		HideSolutionNode = FALSE
	EndGlobalSection
	GlobalSection(ExtensibilityGlobals) = postSolution
		SolutionGuid = {6E86CAB4-3377-4A37-8A8E-76EE46AABC07}
	EndGlobalSection
EndGlobal
